// !$*UTF8*$!
{
	archiveVersion = 1;
	classes = {
	};
	objectVersion = 50;
	objects = {

/* Begin PBXBuildFile section */
		D18414D526F66A3B009AB02F /* AppDelegate.swift in Sources */ = {isa = PBXBuildFile; fileRef = D18414D426F66A3B009AB02F /* AppDelegate.swift */; };
		D18414D726F66A3B009AB02F /* SceneDelegate.swift in Sources */ = {isa = PBXBuildFile; fileRef = D18414D626F66A3B009AB02F /* SceneDelegate.swift */; };
		D18414D926F66A3B009AB02F /* ViewController.swift in Sources */ = {isa = PBXBuildFile; fileRef = D18414D826F66A3B009AB02F /* ViewController.swift */; };
		D18414DE26F66A3D009AB02F /* Assets.xcassets in Resources */ = {isa = PBXBuildFile; fileRef = D18414DD26F66A3D009AB02F /* Assets.xcassets */; };
		D18414E126F66A3D009AB02F /* LaunchScreen.storyboard in Resources */ = {isa = PBXBuildFile; fileRef = D18414DF26F66A3D009AB02F /* LaunchScreen.storyboard */; };
		D18414EE26F66C56009AB02F /* CustomCheckBoxControl.swift in Sources */ = {isa = PBXBuildFile; fileRef = D18414ED26F66C56009AB02F /* CustomCheckBoxControl.swift */; };
/* End PBXBuildFile section */

/* Begin PBXFileReference section */
		D18414D126F66A3B009AB02F /* Task2UIComponents(additional).app */ = {isa = PBXFileReference; explicitFileType = wrapper.application; includeInIndex = 0; path = "Task2UIComponents(additional).app"; sourceTree = BUILT_PRODUCTS_DIR; };
		D18414D426F66A3B009AB02F /* AppDelegate.swift */ = {isa = PBXFileReference; lastKnownFileType = sourcecode.swift; path = AppDelegate.swift; sourceTree = "<group>"; };
		D18414D626F66A3B009AB02F /* SceneDelegate.swift */ = {isa = PBXFileReference; lastKnownFileType = sourcecode.swift; path = SceneDelegate.swift; sourceTree = "<group>"; };
		D18414D826F66A3B009AB02F /* ViewController.swift */ = {isa = PBXFileReference; lastKnownFileType = sourcecode.swift; path = ViewController.swift; sourceTree = "<group>"; };
		D18414DD26F66A3D009AB02F /* Assets.xcassets */ = {isa = PBXFileReference; lastKnownFileType = folder.assetcatalog; path = Assets.xcassets; sourceTree = "<group>"; };
		D18414E026F66A3D009AB02F /* Base */ = {isa = PBXFileReference; lastKnownFileType = file.storyboard; name = Base; path = Base.lproj/LaunchScreen.storyboard; sourceTree = "<group>"; };
		D18414E226F66A3D009AB02F /* Info.plist */ = {isa = PBXFileReference; lastKnownFileType = text.plist.xml; path = Info.plist; sourceTree = "<group>"; };
		D18414ED26F66C56009AB02F /* CustomCheckBoxControl.swift */ = {isa = PBXFileReference; lastKnownFileType = sourcecode.swift; path = CustomCheckBoxControl.swift; sourceTree = "<group>"; };
/* End PBXFileReference section */

/* Begin PBXFrameworksBuildPhase section */
		D18414CE26F66A3B009AB02F /* Frameworks */ = {
			isa = PBXFrameworksBuildPhase;
			buildActionMask = 2147483647;
			files = (
			);
			runOnlyForDeploymentPostprocessing = 0;
		};
/* End PBXFrameworksBuildPhase section */

/* Begin PBXGroup section */
		D18414C826F66A3B009AB02F = {
			isa = PBXGroup;
			children = (
				D18414D326F66A3B009AB02F /* Task2UIComponents(additional) */,
				D18414D226F66A3B009AB02F /* Products */,
			);
			sourceTree = "<group>";
		};
		D18414D226F66A3B009AB02F /* Products */ = {
			isa = PBXGroup;
			children = (
				D18414D126F66A3B009AB02F /* Task2UIComponents(additional).app */,
			);
			name = Products;
			sourceTree = "<group>";
		};
		D18414D326F66A3B009AB02F /* Task2UIComponents(additional) */ = {
			isa = PBXGroup;
			children = (
				D18414F126F684DF009AB02F /* CustomUI */,
				D18414EA26F66A64009AB02F /* Modal */,
				D18414E926F66A5F009AB02F /* View */,
				D18414E826F66A54009AB02F /* Controller */,
				D18414D426F66A3B009AB02F /* AppDelegate.swift */,
				D18414D626F66A3B009AB02F /* SceneDelegate.swift */,
				D18414DD26F66A3D009AB02F /* Assets.xcassets */,
				D18414E226F66A3D009AB02F /* Info.plist */,
			);
			path = "Task2UIComponents(additional)";
			sourceTree = "<group>";
		};
		D18414E826F66A54009AB02F /* Controller */ = {
			isa = PBXGroup;
			children = (
				D18414D826F66A3B009AB02F /* ViewController.swift */,
			);
			path = Controller;
			sourceTree = "<group>";
		};
		D18414E926F66A5F009AB02F /* View */ = {
			isa = PBXGroup;
			children = (
				D18414DF26F66A3D009AB02F /* LaunchScreen.storyboard */,
			);
			path = View;
			sourceTree = "<group>";
		};
		D18414EA26F66A64009AB02F /* Modal */ = {
			isa = PBXGroup;
			children = (
			);
			path = Modal;
			sourceTree = "<group>";
		};
		D18414F126F684DF009AB02F /* CustomUI */ = {
			isa = PBXGroup;
			children = (
				D18414ED26F66C56009AB02F /* CustomCheckBoxControl.swift */,
			);
			path = CustomUI;
			sourceTree = "<group>";
		};
/* End PBXGroup section */

/* Begin PBXNativeTarget section */
		D18414D026F66A3B009AB02F /* Task2UIComponents(additional) */ = {
			isa = PBXNativeTarget;
			buildConfigurationList = D18414E526F66A3D009AB02F /* Build configuration list for PBXNativeTarget "Task2UIComponents(additional)" */;
			buildPhases = (
				D18414CD26F66A3B009AB02F /* Sources */,
				D18414CE26F66A3B009AB02F /* Frameworks */,
				D18414CF26F66A3B009AB02F /* Resources */,
			);
			buildRules = (
			);
			dependencies = (
			);
			name = "Task2UIComponents(additional)";
			productName = "Task2UIComponents(additional)";
			productReference = D18414D126F66A3B009AB02F /* Task2UIComponents(additional).app */;
			productType = "com.apple.product-type.application";
		};
/* End PBXNativeTarget section */

/* Begin PBXProject section */
		D18414C926F66A3B009AB02F /* Project object */ = {
			isa = PBXProject;
			attributes = {
				LastSwiftUpdateCheck = 1250;
				LastUpgradeCheck = 1250;
				TargetAttributes = {
					D18414D026F66A3B009AB02F = {
						CreatedOnToolsVersion = 12.5.1;
					};
				};
			};
			buildConfigurationList = D18414CC26F66A3B009AB02F /* Build configuration list for PBXProject "Task2UIComponents(additional)" */;
			compatibilityVersion = "Xcode 9.3";
			developmentRegion = en;
			hasScannedForEncodings = 0;
			knownRegions = (
				en,
				Base,
			);
			mainGroup = D18414C826F66A3B009AB02F;
			productRefGroup = D18414D226F66A3B009AB02F /* Products */;
			projectDirPath = "";
			projectRoot = "";
			targets = (
				D18414D026F66A3B009AB02F /* Task2UIComponents(additional) */,
			);
		};
/* End PBXProject section */

/* Begin PBXResourcesBuildPhase section */
		D18414CF26F66A3B009AB02F /* Resources */ = {
			isa = PBXResourcesBuildPhase;
			buildActionMask = 2147483647;
			files = (
				D18414E126F66A3D009AB02F /* LaunchScreen.storyboard in Resources */,
				D18414DE26F66A3D009AB02F /* Assets.xcassets in Resources */,
			);
			runOnlyForDeploymentPostprocessing = 0;
		};
/* End PBXResourcesBuildPhase section */

/* Begin PBXSourcesBuildPhase section */
		D18414CD26F66A3B009AB02F /* Sources */ = {
			isa = PBXSourcesBuildPhase;
			buildActionMask = 2147483647;
			files = (
				D18414D926F66A3B009AB02F /* ViewController.swift in Sources */,
				D18414EE26F66C56009AB02F /* CustomCheckBoxControl.swift in Sources */,
				D18414D526F66A3B009AB02F /* AppDelegate.swift in Sources */,
				D18414D726F66A3B009AB02F /* SceneDelegate.swift in Sources */,
			);
			runOnlyForDeploymentPostprocessing = 0;
		};
/* End PBXSourcesBuildPhase section */

/* Begin PBXVariantGroup section */
		D18414DF26F66A3D009AB02F /* LaunchScreen.storyboard */ = {
			isa = PBXVariantGroup;
			children = (
				D18414E026F66A3D009AB02F /* Base */,
			);
			name = LaunchScreen.storyboard;
			sourceTree = "<group>";
		};
/* End PBXVariantGroup section */

/* Begin XCBuildConfiguration section */
		D18414E326F66A3D009AB02F /* Debug */ = {
			isa = XCBuildConfiguration;
			buildSettings = {
				ALWAYS_SEARCH_USER_PATHS = NO;
				CLANG_ANALYZER_NONNULL = YES;
				CLANG_ANALYZER_NUMBER_OBJECT_CONVERSION = YES_AGGRESSIVE;
				CLANG_CXX_LANGUAGE_STANDARD = "gnu++14";
				CLANG_CXX_LIBRARY = "libc++";
				CLANG_ENABLE_MODULES = YES;
				CLANG_ENABLE_OBJC_ARC = YES;
				CLANG_ENABLE_OBJC_WEAK = YES;
				CLANG_WARN_BLOCK_CAPTURE_AUTORELEASING = YES;
				CLANG_WARN_BOOL_CONVERSION = YES;
				CLANG_WARN_COMMA = YES;
				CLANG_WARN_CONSTANT_CONVERSION = YES;
				CLANG_WARN_DEPRECATED_OBJC_IMPLEMENTATIONS = YES;
				CLANG_WARN_DIRECT_OBJC_ISA_USAGE = YES_ERROR;
				CLANG_WARN_DOCUMENTATION_COMMENTS = YES;
				CLANG_WARN_EMPTY_BODY = YES;
				CLANG_WARN_ENUM_CONVERSION = YES;
				CLANG_WARN_INFINITE_RECURSION = YES;
				CLANG_WARN_INT_CONVERSION = YES;
				CLANG_WARN_NON_LITERAL_NULL_CONVERSION = YES;
				CLANG_WARN_OBJC_IMPLICIT_RETAIN_SELF = YES;
				CLANG_WARN_OBJC_LITERAL_CONVERSION = YES;
				CLANG_WARN_OBJC_ROOT_CLASS = YES_ERROR;
				CLANG_WARN_QUOTED_INCLUDE_IN_FRAMEWORK_HEADER = YES;
				CLANG_WARN_RANGE_LOOP_ANALYSIS = YES;
				CLANG_WARN_STRICT_PROTOTYPES = YES;
				CLANG_WARN_SUSPICIOUS_MOVE = YES;
				CLANG_WARN_UNGUARDED_AVAILABILITY = YES_AGGRESSIVE;
				CLANG_WARN_UNREACHABLE_CODE = YES;
				CLANG_WARN__DUPLICATE_METHOD_MATCH = YES;
				COPY_PHASE_STRIP = NO;
				DEBUG_INFORMATION_FORMAT = dwarf;
				ENABLE_STRICT_OBJC_MSGSEND = YES;
				ENABLE_TESTABILITY = YES;
				GCC_C_LANGUAGE_STANDARD = gnu11;
				GCC_DYNAMIC_NO_PIC = NO;
				GCC_NO_COMMON_BLOCKS = YES;
				GCC_OPTIMIZATION_LEVEL = 0;
				GCC_PREPROCESSOR_DEFINITIONS = (
					"DEBUG=1",
					"$(inherited)",
				);
				GCC_WARN_64_TO_32_BIT_CONVERSION = YES;
				GCC_WARN_ABOUT_RETURN_TYPE = YES_ERROR;
				GCC_WARN_UNDECLARED_SELECTOR = YES;
				GCC_WARN_UNINITIALIZED_AUTOS = YES_AGGRESSIVE;
				GCC_WARN_UNUSED_FUNCTION = YES;
				GCC_WARN_UNUSED_VARIABLE = YES;
				IPHONEOS_DEPLOYMENT_TARGET = 14.5;
				MTL_ENABLE_DEBUG_INFO = INCLUDE_SOURCE;
				MTL_FAST_MATH = YES;
				ONLY_ACTIVE_ARCH = YES;
				SDKROOT = iphoneos;
				SWIFT_ACTIVE_COMPILATION_CONDITIONS = DEBUG;
				SWIFT_OPTIMIZATION_LEVEL = "-Onone";
			};
			name = Debug;
		};
		D18414E426F66A3D009AB02F /* Release */ = {
			isa = XCBuildConfiguration;
			buildSettings = {
				ALWAYS_SEARCH_USER_PATHS = NO;
				CLANG_ANALYZER_NONNULL = YES;
				CLANG_ANALYZER_NUMBER_OBJECT_CONVERSION = YES_AGGRESSIVE;
				CLANG_CXX_LANGUAGE_STANDARD = "gnu++14";
				CLANG_CXX_LIBRARY = "libc++";
				CLANG_ENABLE_MODULES = YES;
				CLANG_ENABLE_OBJC_ARC = YES;
				CLANG_ENABLE_OBJC_WEAK = YES;
				CLANG_WARN_BLOCK_CAPTURE_AUTORELEASING = YES;
				CLANG_WARN_BOOL_CONVERSION = YES;
				CLANG_WARN_COMMA = YES;
				CLANG_WARN_CONSTANT_CONVERSION = YES;
				CLANG_WARN_DEPRECATED_OBJC_IMPLEMENTATIONS = YES;
				CLANG_WARN_DIRECT_OBJC_ISA_USAGE = YES_ERROR;
				CLANG_WARN_DOCUMENTATION_COMMENTS = YES;
				CLANG_WARN_EMPTY_BODY = YES;
				CLANG_WARN_ENUM_CONVERSION = YES;
				CLANG_WARN_INFINITE_RECURSION = YES;
				CLANG_WARN_INT_CONVERSION = YES;
				CLANG_WARN_NON_LITERAL_NULL_CONVERSION = YES;
				CLANG_WARN_OBJC_IMPLICIT_RETAIN_SELF = YES;
				CLANG_WARN_OBJC_LITERAL_CONVERSION = YES;
				CLANG_WARN_OBJC_ROOT_CLASS = YES_ERROR;
				CLANG_WARN_QUOTED_INCLUDE_IN_FRAMEWORK_HEADER = YES;
				CLANG_WARN_RANGE_LOOP_ANALYSIS = YES;
				CLANG_WARN_STRICT_PROTOTYPES = YES;
				CLANG_WARN_SUSPICIOUS_MOVE = YES;
				CLANG_WARN_UNGUARDED_AVAILABILITY = YES_AGGRESSIVE;
				CLANG_WARN_UNREACHABLE_CODE = YES;
				CLANG_WARN__DUPLICATE_METHOD_MATCH = YES;
				COPY_PHASE_STRIP = NO;
				DEBUG_INFORMATION_FORMAT = "dwarf-with-dsym";
				ENABLE_NS_ASSERTIONS = NO;
				ENABLE_STRICT_OBJC_MSGSEND = YES;
				GCC_C_LANGUAGE_STANDARD = gnu11;
				GCC_NO_COMMON_BLOCKS = YES;
				GCC_WARN_64_TO_32_BIT_CONVERSION = YES;
				GCC_WARN_ABOUT_RETURN_TYPE = YES_ERROR;
				GCC_WARN_UNDECLARED_SELECTOR = YES;
				GCC_WARN_UNINITIALIZED_AUTOS = YES_AGGRESSIVE;
				GCC_WARN_UNUSED_FUNCTION = YES;
				GCC_WARN_UNUSED_VARIABLE = YES;
				IPHONEOS_DEPLOYMENT_TARGET = 14.5;
				MTL_ENABLE_DEBUG_INFO = NO;
				MTL_FAST_MATH = YES;
				SDKROOT = iphoneos;
				SWIFT_COMPILATION_MODE = wholemodule;
				SWIFT_OPTIMIZATION_LEVEL = "-O";
				VALIDATE_PRODUCT = YES;
			};
			name = Release;
		};
		D18414E626F66A3D009AB02F /* Debug */ = {
			isa = XCBuildConfiguration;
			buildSettings = {
				ASSETCATALOG_COMPILER_APPICON_NAME = AppIcon;
				ASSETCATALOG_COMPILER_GLOBAL_ACCENT_COLOR_NAME = AccentColor;
				CODE_SIGN_STYLE = Automatic;
				INFOPLIST_FILE = "Task2UIComponents(additional)/Info.plist";
				LD_RUNPATH_SEARCH_PATHS = (
					"$(inherited)",
					"@executable_path/Frameworks",
				);
				PRODUCT_BUNDLE_IDENTIFIER = "epam.Task2UIComponents-additional-";
				PRODUCT_NAME = "$(TARGET_NAME)";
				SWIFT_VERSION = 5.0;
				TARGETED_DEVICE_FAMILY = "1,2";
			};
			name = Debug;
		};
		D18414E726F66A3D009AB02F /* Release */ = {
			isa = XCBuildConfiguration;
			buildSettings = {
				ASSETCATALOG_COMPILER_APPICON_NAME = AppIcon;
				ASSETCATALOG_COMPILER_GLOBAL_ACCENT_COLOR_NAME = AccentColor;
				CODE_SIGN_STYLE = Automatic;
				INFOPLIST_FILE = "Task2UIComponents(additional)/Info.plist";
				LD_RUNPATH_SEARCH_PATHS = (
					"$(inherited)",
					"@executable_path/Frameworks",
				);
				PRODUCT_BUNDLE_IDENTIFIER = "epam.Task2UIComponents-additional-";
				PRODUCT_NAME = "$(TARGET_NAME)";
				SWIFT_VERSION = 5.0;
				TARGETED_DEVICE_FAMILY = "1,2";
			};
			name = Release;
		};
/* End XCBuildConfiguration section */

/* Begin XCConfigurationList section */
		D18414CC26F66A3B009AB02F /* Build configuration list for PBXProject "Task2UIComponents(additional)" */ = {
			isa = XCConfigurationList;
			buildConfigurations = (
				D18414E326F66A3D009AB02F /* Debug */,
				D18414E426F66A3D009AB02F /* Release */,
			);
			defaultConfigurationIsVisible = 0;
			defaultConfigurationName = Release;
		};
		D18414E526F66A3D009AB02F /* Build configuration list for PBXNativeTarget "Task2UIComponents(additional)" */ = {
			isa = XCConfigurationList;
			buildConfigurations = (
				D18414E626F66A3D009AB02F /* Debug */,
				D18414E726F66A3D009AB02F /* Release */,
			);
			defaultConfigurationIsVisible = 0;
			defaultConfigurationName = Release;
		};
/* End XCConfigurationList section */
	};
	rootObject = D18414C926F66A3B009AB02F /* Project object */;
}
